
Microsoft Visual Studio Solution File, Format Version 12.00
# Visual Studio Version 17
VisualStudioVersion = 17.11.35312.102
MinimumVisualStudioVersion = 10.0.40219.1
Project("{FAE04EC0-301F-11D3-BF4B-00C04F79EFBC}") = "Patko_Stefania_Lab2_", "Patko_Stefania_Lab2_\Patko_Stefania_Lab2_.csproj", "{1D5E2E95-9FAD-4514-98C8-57E7FED19756}"
EndProject
Global
	GlobalSection(SolutionConfigurationPlatforms) = preSolution
		Debug|Any CPU = Debug|Any CPU
		Release|Any CPU = Release|Any CPU
	EndGlobalSection
	GlobalSection(ProjectConfigurationPlatforms) = postSolution
		{1D5E2E95-9FAD-4514-98C8-57E7FED19756}.Debug|Any CPU.ActiveCfg = Debug|Any CPU
		{1D5E2E95-9FAD-4514-98C8-57E7FED19756}.Debug|Any CPU.Build.0 = Debug|Any CPU
		{1D5E2E95-9FAD-4514-98C8-57E7FED19756}.Release|Any CPU.ActiveCfg = Release|Any CPU
		{1D5E2E95-9FAD-4514-98C8-57E7FED19756}.Release|Any CPU.Build.0 = Release|Any CPU
	EndGlobalSection
	GlobalSection(SolutionProperties) = preSolution
		HideSolutionNode = FALSE
	EndGlobalSection
	GlobalSection(ExtensibilityGlobals) = postSolution
		SolutionGuid = {431DA22B-9934-4E5C-ADD6-52A4930BA1A2}
	EndGlobalSection
EndGlobal
